
Microsoft Visual Studio Solution File, Format Version 12.00
# Visual Studio Version 17
VisualStudioVersion = 17.14.37111.16 d17.14
MinimumVisualStudioVersion = 10.0.40219.1
Project("{FAE04EC0-301F-11D3-BF4B-00C04F79EFBC}") = "Talabat.Api", "Talabat.Api\Talabat.Api.csproj", "{3E058F00-CE9C-42E7-AD56-DC41D83E78F7}"
EndProject
Project("{FAE04EC0-301F-11D3-BF4B-00C04F79EFBC}") = "Talabat.Core", "Talabat.Core\Talabat.Core.csproj", "{DE07D027-BF83-4ADF-9351-4C1629B0A4CD}"
EndProject
Project("{FAE04EC0-301F-11D3-BF4B-00C04F79EFBC}") = "Talabt.Reporisitory", "Talabt.Reporisitory\Talabt.Reporisitory.csproj", "{364858AF-7E02-44A8-B995-93B0D318DB0F}"
EndProject
Project("{FAE04EC0-301F-11D3-BF4B-00C04F79EFBC}") = "Talabat.Service", "Talabat.Service\Talabat.Service.csproj", "{C99D40D8-A509-4879-A2AE-2652B473F397}"
EndProject
Global
	GlobalSection(SolutionConfigurationPlatforms) = preSolution
		Debug|Any CPU = Debug|Any CPU
		Release|Any CPU = Release|Any CPU
	EndGlobalSection
	GlobalSection(ProjectConfigurationPlatforms) = postSolution
		{3E058F00-CE9C-42E7-AD56-DC41D83E78F7}.Debug|Any CPU.ActiveCfg = Debug|Any CPU
		{3E058F00-CE9C-42E7-AD56-DC41D83E78F7}.Debug|Any CPU.Build.0 = Debug|Any CPU
		{3E058F00-CE9C-42E7-AD56-DC41D83E78F7}.Release|Any CPU.ActiveCfg = Release|Any CPU
		{3E058F00-CE9C-42E7-AD56-DC41D83E78F7}.Release|Any CPU.Build.0 = Release|Any CPU
		{DE07D027-BF83-4ADF-9351-4C1629B0A4CD}.Debug|Any CPU.ActiveCfg = Debug|Any CPU
		{DE07D027-BF83-4ADF-9351-4C1629B0A4CD}.Debug|Any CPU.Build.0 = Debug|Any CPU
		{DE07D027-BF83-4ADF-9351-4C1629B0A4CD}.Release|Any CPU.ActiveCfg = Release|Any CPU
		{DE07D027-BF83-4ADF-9351-4C1629B0A4CD}.Release|Any CPU.Build.0 = Release|Any CPU
		{364858AF-7E02-44A8-B995-93B0D318DB0F}.Debug|Any CPU.ActiveCfg = Debug|Any CPU
		{364858AF-7E02-44A8-B995-93B0D318DB0F}.Debug|Any CPU.Build.0 = Debug|Any CPU
		{364858AF-7E02-44A8-B995-93B0D318DB0F}.Release|Any CPU.ActiveCfg = Release|Any CPU
		{364858AF-7E02-44A8-B995-93B0D318DB0F}.Release|Any CPU.Build.0 = Release|Any CPU
		{C99D40D8-A509-4879-A2AE-2652B473F397}.Debug|Any CPU.ActiveCfg = Debug|Any CPU
		{C99D40D8-A509-4879-A2AE-2652B473F397}.Debug|Any CPU.Build.0 = Debug|Any CPU
		{C99D40D8-A509-4879-A2AE-2652B473F397}.Release|Any CPU.ActiveCfg = Release|Any CPU
		{C99D40D8-A509-4879-A2AE-2652B473F397}.Release|Any CPU.Build.0 = Release|Any CPU
	EndGlobalSection
	GlobalSection(SolutionProperties) = preSolution
		HideSolutionNode = FALSE
	EndGlobalSection
	GlobalSection(ExtensibilityGlobals) = postSolution
		SolutionGuid = {9A7599EA-7A1F-49C6-A563-2B2AFD1BCAE9}
	EndGlobalSection
EndGlobal
